
Microsoft Visual Studio Solution File, Format Version 12.00
# Visual Studio Version 17
VisualStudioVersion = 17.5.33516.290
MinimumVisualStudioVersion = 10.0.40219.1
Project("{FAE04EC0-301F-11D3-BF4B-00C04F79EFBC}") = "Selenium_1", "Selenium_1\Selenium_1.csproj", "{E8A63BB3-67F3-405F-9BC4-78FCCD4C2D86}"
EndProject
Global
	GlobalSection(SolutionConfigurationPlatforms) = preSolution
		Debug|Any CPU = Debug|Any CPU
		Release|Any CPU = Release|Any CPU
	EndGlobalSection
	GlobalSection(ProjectConfigurationPlatforms) = postSolution
		{E8A63BB3-67F3-405F-9BC4-78FCCD4C2D86}.Debug|Any CPU.ActiveCfg = Debug|Any CPU
		{E8A63BB3-67F3-405F-9BC4-78FCCD4C2D86}.Debug|Any CPU.Build.0 = Debug|Any CPU
		{E8A63BB3-67F3-405F-9BC4-78FCCD4C2D86}.Release|Any CPU.ActiveCfg = Release|Any CPU
		{E8A63BB3-67F3-405F-9BC4-78FCCD4C2D86}.Release|Any CPU.Build.0 = Release|Any CPU
	EndGlobalSection
	GlobalSection(SolutionProperties) = preSolution
		HideSolutionNode = FALSE
	EndGlobalSection
	GlobalSection(ExtensibilityGlobals) = postSolution
		SolutionGuid = {7FE4BB36-6248-42D9-A990-CCCB08084112}
	EndGlobalSection
EndGlobal
